{
  "requires": true,
  "lockfileVersion": 1,
  "dependencies": {
    "d3": {
      "version": "3.5.17",
      "resolved": "https://registry.npmjs.org/d3/-/d3-3.5.17.tgz",
      "integrity": "sha1-vEZ0gAQ3iyGjYMn8fPUjF5B2L7g="
    },
    "d3-punchcard": {
      "version": "1.0.1",
      "resolved": "https://registry.npmjs.org/d3-punchcard/-/d3-punchcard-1.0.1.tgz",
      "integrity": "sha1-YSpZFKT50c5LfI8MminRxqTstAA=",
      "requires": {
        "d3": "^3.5.17"
      }
    }
  }
}
