
Microsoft Visual Studio Solution File, Format Version 12.00
# Visual Studio 15
VisualStudioVersion = 15.0.28010.2026
MinimumVisualStudioVersion = 10.0.40219.1
Project("{888888A0-9F3D-457C-B088-3A5042F75D52}") = "GraphsCS3012", "GraphsCS3012\GraphsCS3012.pyproj", "{0B4B5BD3-7285-4733-948E-E4C2CC7650E7}"
EndProject
Global
	GlobalSection(SolutionConfigurationPlatforms) = preSolution
		Debug|Any CPU = Debug|Any CPU
		Release|Any CPU = Release|Any CPU
	EndGlobalSection
	GlobalSection(ProjectConfigurationPlatforms) = postSolution
		{0B4B5BD3-7285-4733-948E-E4C2CC7650E7}.Debug|Any CPU.ActiveCfg = Debug|Any CPU
		{0B4B5BD3-7285-4733-948E-E4C2CC7650E7}.Release|Any CPU.ActiveCfg = Release|Any CPU
	EndGlobalSection
	GlobalSection(SolutionProperties) = preSolution
		HideSolutionNode = FALSE
	EndGlobalSection
	GlobalSection(ExtensibilityGlobals) = postSolution
		SolutionGuid = {BB1952BE-1D97-46CC-914F-56F41F69A8FA}
	EndGlobalSection
EndGlobal
